
Microsoft Visual Studio Solution File, Format Version 12.00
# Visual Studio Version 17
VisualStudioVersion = 17.10.34928.147
MinimumVisualStudioVersion = 10.0.40219.1
Project("{9A19103F-16F7-4668-BE54-9A1E7A4F7556}") = "ERP.TANDUNG.Domain", "src\ERP.TANDUNG.Domain\ERP.TANDUNG.Domain.csproj", "{554AD327-6DBA-4F8F-96F8-81CE7A0C863F}"
EndProject
Project("{9A19103F-16F7-4668-BE54-9A1E7A4F7556}") = "ERP.TANDUNG.EntityFrameworkCore", "src\ERP.TANDUNG.EntityFrameworkCore\ERP.TANDUNG.EntityFrameworkCore.csproj", "{C956DD76-69C8-4A9C-83EA-D17DF83340FD}"
EndProject
Project("{2150E333-8FDC-42A3-9474-1A3956D46DE8}") = "src", "src", "{CA9AC87F-097E-4F15-8393-4BC07735A5B0}"
EndProject
Project("{2150E333-8FDC-42A3-9474-1A3956D46DE8}") = "test", "test", "{04DBDB01-70F4-4E06-B468-8F87850B22BE}"
EndProject
Project("{9A19103F-16F7-4668-BE54-9A1E7A4F7556}") = "ERP.TANDUNG.Domain.Shared", "src\ERP.TANDUNG.Domain.Shared\ERP.TANDUNG.Domain.Shared.csproj", "{42F719ED-8413-4895-B5B4-5AB56079BC66}"
EndProject
Project("{9A19103F-16F7-4668-BE54-9A1E7A4F7556}") = "ERP.TANDUNG.AuthServer", "src\ERP.TANDUNG.AuthServer\ERP.TANDUNG.AuthServer.csproj", "{073C361E-B8F4-49F5-93CC-72A3FF49C026}"
EndProject
Project("{9A19103F-16F7-4668-BE54-9A1E7A4F7556}") = "ERP.TANDUNG.EntityFrameworkCore.Tests", "test\ERP.TANDUNG.EntityFrameworkCore.Tests\ERP.TANDUNG.EntityFrameworkCore.Tests.csproj", "{1FE30EB9-74A9-47F5-A9F6-7B1FAB672D81}"
EndProject
Project("{9A19103F-16F7-4668-BE54-9A1E7A4F7556}") = "ERP.TANDUNG.TestBase", "test\ERP.TANDUNG.TestBase\ERP.TANDUNG.TestBase.csproj", "{91853F21-9CD9-4132-BC29-A7D5D84FFFE7}"
EndProject
Project("{9A19103F-16F7-4668-BE54-9A1E7A4F7556}") = "ERP.TANDUNG.DbMigrator", "src\ERP.TANDUNG.DbMigrator\ERP.TANDUNG.DbMigrator.csproj", "{AA94D832-1CCC-4715-95A9-A483F23A1A5D}"
EndProject
Project("{2150E333-8FDC-42A3-9474-1A3956D46DE8}") = "auth", "auth", "{043C107F-0750-47A7-B2E6-59C394AF5FE0}"
EndProject
Project("{2150E333-8FDC-42A3-9474-1A3956D46DE8}") = "common", "common", "{AA3D02BA-02FE-41C9-A9F6-95BBE7214F79}"
EndProject
Project("{2150E333-8FDC-42A3-9474-1A3956D46DE8}") = "domain", "domain", "{9DDA2D6C-5470-4052-8CD1-C1D7506802B2}"
EndProject
Project("{2150E333-8FDC-42A3-9474-1A3956D46DE8}") = "infrastructure", "infrastructure", "{F1F71914-23D8-45EA-B91D-0F15DCAFC635}"
EndProject
Project("{2150E333-8FDC-42A3-9474-1A3956D46DE8}") = "public", "public", "{C6F54932-A14C-4F1E-A494-03F6AECE5113}"
EndProject
Project("{2150E333-8FDC-42A3-9474-1A3956D46DE8}") = "admin", "admin", "{7D396418-9484-4373-B69F-6B999CE81206}"
EndProject
Project("{9A19103F-16F7-4668-BE54-9A1E7A4F7556}") = "ERP.TANDUNG.admin.Application", "src\ERP.TANDUNG.admin.Application\ERP.TANDUNG.admin.Application.csproj", "{EA3F36FD-CA95-445A-BC79-4D3F0B81D4FE}"
EndProject
Project("{9A19103F-16F7-4668-BE54-9A1E7A4F7556}") = "ERP.TANDUNG.admin.Application.Contracts", "src\ERP.TANDUNG.admin.Application.Contracts\ERP.TANDUNG.admin.Application.Contracts.csproj", "{A8C942BF-432E-48AC-809E-5D03FFB4038D}"
EndProject
Project("{9A19103F-16F7-4668-BE54-9A1E7A4F7556}") = "ERP.TANDUNG.admin.HttpApi", "src\ERP.TANDUNG.admin.HttpApi\ERP.TANDUNG.admin.HttpApi.csproj", "{A24529CD-B28D-4322-8918-BB121451A4B6}"
EndProject
Project("{9A19103F-16F7-4668-BE54-9A1E7A4F7556}") = "ERP.TANDUNG.admin.HttpApi.Client", "src\ERP.TANDUNG.admin.HttpApi.Client\ERP.TANDUNG.admin.HttpApi.Client.csproj", "{AA9FEEB5-4138-4F90-AF30-9176C8961969}"
EndProject
Project("{2150E333-8FDC-42A3-9474-1A3956D46DE8}") = "public", "public", "{36C51E6C-A621-4AB8-8785-D132C56005F2}"
EndProject
Project("{2150E333-8FDC-42A3-9474-1A3956D46DE8}") = "admin", "admin", "{AB3E78BE-E318-40DC-9FF0-154B0D6C9B39}"
EndProject
Project("{9A19103F-16F7-4668-BE54-9A1E7A4F7556}") = "ERP.TANDUNG.Admin.Application.Tests", "test\ERP.TANDUNG.Admin.Application.Tests\ERP.TANDUNG.Admin.Application.Tests.csproj", "{2785DC16-AF1F-487F-8199-B8DFD5DB64AA}"
EndProject
Project("{9A19103F-16F7-4668-BE54-9A1E7A4F7556}") = "ERP.TANDUNG.Admin.HttpApi.Client.ConsoleTestApp", "test\ERP.TANDUNG.Admin.HttpApi.Client.ConsoleTestApp\ERP.TANDUNG.Admin.HttpApi.Client.ConsoleTestApp.csproj", "{A240FEED-8EA1-4080-B9D8-B02E027FABC2}"
EndProject
Project("{2150E333-8FDC-42A3-9474-1A3956D46DE8}") = "shared", "shared", "{1779CBB8-A3FC-4357-9444-CBA031BC7D53}"
EndProject
Project("{9A19103F-16F7-4668-BE54-9A1E7A4F7556}") = "ERP.TANDUNG.admin.HttpApi.Host", "src\ERP.TANDUNG.admin.HttpApi.Host\ERP.TANDUNG.admin.HttpApi.Host.csproj", "{EDC750F0-BB40-45AE-B775-096E899A128C}"
EndProject
Project("{9A19103F-16F7-4668-BE54-9A1E7A4F7556}") = "ERP.TANDUNG.Public.HttpApi.Client.ConsoleTestApp", "test\ERP.TANDUNG.Public.HttpApi.Client.ConsoleTestApp\ERP.TANDUNG.Public.HttpApi.Client.ConsoleTestApp.csproj", "{FD072564-7757-4EC9-A46F-2FBF4FF1ED9A}"
EndProject
Project("{9A19103F-16F7-4668-BE54-9A1E7A4F7556}") = "ERP.TANDUNG.Public.Application.Tests", "test\ERP.TANDUNG.Public.Application.Tests\ERP.TANDUNG.Public.Application.Tests.csproj", "{23157294-4092-43B6-A202-CC717E3DE9C5}"
EndProject
Project("{9A19103F-16F7-4668-BE54-9A1E7A4F7556}") = "ERP.TANDUNG.Public.Application", "src\ERP.TANDUNG.Public.Application\ERP.TANDUNG.Public.Application.csproj", "{3E268A51-E32E-40E8-8515-44036025B4CC}"
EndProject
Project("{9A19103F-16F7-4668-BE54-9A1E7A4F7556}") = "ERP.TANDUNG.Public.Application.Contracts", "src\ERP.TANDUNG.Public.Application.Contracts\ERP.TANDUNG.Public.Application.Contracts.csproj", "{3AC0994A-55EA-4F65-831A-392AEA7A71B7}"
EndProject
Project("{9A19103F-16F7-4668-BE54-9A1E7A4F7556}") = "ERP.TANDUNG.Public.HttpApi", "src\ERP.TANDUNG.Public.HttpApi\ERP.TANDUNG.Public.HttpApi.csproj", "{FE6B3354-221B-4A72-A9E0-4717F1D3C4B0}"
EndProject
Project("{9A19103F-16F7-4668-BE54-9A1E7A4F7556}") = "ERP.TANDUNG.Public.HttpApi.Client", "src\ERP.TANDUNG.Public.HttpApi.Client\ERP.TANDUNG.Public.HttpApi.Client.csproj", "{1247140B-A61A-48C6-8BE3-1A5404ACB649}"
EndProject
Project("{9A19103F-16F7-4668-BE54-9A1E7A4F7556}") = "ERP.TANDUNG.Public.Web", "src\ERP.TANDUNG.Public.Web\ERP.TANDUNG.Public.Web.csproj", "{1C71C3E9-ADFF-4754-A166-A2C4D10BE985}"
EndProject
Project("{9A19103F-16F7-4668-BE54-9A1E7A4F7556}") = "ERP.TANDUNG.Domain.Tests", "test\ERP.TANDUNG.Domain.Tests\ERP.TANDUNG.Domain.Tests.csproj", "{25A46E0B-31E5-4971-AF89-CE92652B7462}"
EndProject
Global
	GlobalSection(SolutionConfigurationPlatforms) = preSolution
		Debug|Any CPU = Debug|Any CPU
		Release|Any CPU = Release|Any CPU
	EndGlobalSection
	GlobalSection(ProjectConfigurationPlatforms) = postSolution
		{554AD327-6DBA-4F8F-96F8-81CE7A0C863F}.Debug|Any CPU.ActiveCfg = Debug|Any CPU
		{554AD327-6DBA-4F8F-96F8-81CE7A0C863F}.Debug|Any CPU.Build.0 = Debug|Any CPU
		{554AD327-6DBA-4F8F-96F8-81CE7A0C863F}.Release|Any CPU.ActiveCfg = Release|Any CPU
		{554AD327-6DBA-4F8F-96F8-81CE7A0C863F}.Release|Any CPU.Build.0 = Release|Any CPU
		{C956DD76-69C8-4A9C-83EA-D17DF83340FD}.Debug|Any CPU.ActiveCfg = Debug|Any CPU
		{C956DD76-69C8-4A9C-83EA-D17DF83340FD}.Debug|Any CPU.Build.0 = Debug|Any CPU
		{C956DD76-69C8-4A9C-83EA-D17DF83340FD}.Release|Any CPU.ActiveCfg = Release|Any CPU
		{C956DD76-69C8-4A9C-83EA-D17DF83340FD}.Release|Any CPU.Build.0 = Release|Any CPU
		{42F719ED-8413-4895-B5B4-5AB56079BC66}.Debug|Any CPU.ActiveCfg = Debug|Any CPU
		{42F719ED-8413-4895-B5B4-5AB56079BC66}.Debug|Any CPU.Build.0 = Debug|Any CPU
		{42F719ED-8413-4895-B5B4-5AB56079BC66}.Release|Any CPU.ActiveCfg = Release|Any CPU
		{42F719ED-8413-4895-B5B4-5AB56079BC66}.Release|Any CPU.Build.0 = Release|Any CPU
		{073C361E-B8F4-49F5-93CC-72A3FF49C026}.Debug|Any CPU.ActiveCfg = Debug|Any CPU
		{073C361E-B8F4-49F5-93CC-72A3FF49C026}.Debug|Any CPU.Build.0 = Debug|Any CPU
		{073C361E-B8F4-49F5-93CC-72A3FF49C026}.Release|Any CPU.ActiveCfg = Release|Any CPU
		{073C361E-B8F4-49F5-93CC-72A3FF49C026}.Release|Any CPU.Build.0 = Release|Any CPU
		{1FE30EB9-74A9-47F5-A9F6-7B1FAB672D81}.Debug|Any CPU.ActiveCfg = Debug|Any CPU
		{1FE30EB9-74A9-47F5-A9F6-7B1FAB672D81}.Debug|Any CPU.Build.0 = Debug|Any CPU
		{1FE30EB9-74A9-47F5-A9F6-7B1FAB672D81}.Release|Any CPU.ActiveCfg = Release|Any CPU
		{1FE30EB9-74A9-47F5-A9F6-7B1FAB672D81}.Release|Any CPU.Build.0 = Release|Any CPU
		{91853F21-9CD9-4132-BC29-A7D5D84FFFE7}.Debug|Any CPU.ActiveCfg = Debug|Any CPU
		{91853F21-9CD9-4132-BC29-A7D5D84FFFE7}.Debug|Any CPU.Build.0 = Debug|Any CPU
		{91853F21-9CD9-4132-BC29-A7D5D84FFFE7}.Release|Any CPU.ActiveCfg = Release|Any CPU
		{91853F21-9CD9-4132-BC29-A7D5D84FFFE7}.Release|Any CPU.Build.0 = Release|Any CPU
		{AA94D832-1CCC-4715-95A9-A483F23A1A5D}.Debug|Any CPU.ActiveCfg = Debug|Any CPU
		{AA94D832-1CCC-4715-95A9-A483F23A1A5D}.Debug|Any CPU.Build.0 = Debug|Any CPU
		{AA94D832-1CCC-4715-95A9-A483F23A1A5D}.Release|Any CPU.ActiveCfg = Release|Any CPU
		{AA94D832-1CCC-4715-95A9-A483F23A1A5D}.Release|Any CPU.Build.0 = Release|Any CPU
		{EA3F36FD-CA95-445A-BC79-4D3F0B81D4FE}.Debug|Any CPU.ActiveCfg = Debug|Any CPU
		{EA3F36FD-CA95-445A-BC79-4D3F0B81D4FE}.Debug|Any CPU.Build.0 = Debug|Any CPU
		{EA3F36FD-CA95-445A-BC79-4D3F0B81D4FE}.Release|Any CPU.ActiveCfg = Release|Any CPU
		{EA3F36FD-CA95-445A-BC79-4D3F0B81D4FE}.Release|Any CPU.Build.0 = Release|Any CPU
		{A8C942BF-432E-48AC-809E-5D03FFB4038D}.Debug|Any CPU.ActiveCfg = Debug|Any CPU
		{A8C942BF-432E-48AC-809E-5D03FFB4038D}.Debug|Any CPU.Build.0 = Debug|Any CPU
		{A8C942BF-432E-48AC-809E-5D03FFB4038D}.Release|Any CPU.ActiveCfg = Release|Any CPU
		{A8C942BF-432E-48AC-809E-5D03FFB4038D}.Release|Any CPU.Build.0 = Release|Any CPU
		{A24529CD-B28D-4322-8918-BB121451A4B6}.Debug|Any CPU.ActiveCfg = Debug|Any CPU
		{A24529CD-B28D-4322-8918-BB121451A4B6}.Debug|Any CPU.Build.0 = Debug|Any CPU
		{A24529CD-B28D-4322-8918-BB121451A4B6}.Release|Any CPU.ActiveCfg = Release|Any CPU
		{A24529CD-B28D-4322-8918-BB121451A4B6}.Release|Any CPU.Build.0 = Release|Any CPU
		{AA9FEEB5-4138-4F90-AF30-9176C8961969}.Debug|Any CPU.ActiveCfg = Debug|Any CPU
		{AA9FEEB5-4138-4F90-AF30-9176C8961969}.Debug|Any CPU.Build.0 = Debug|Any CPU
		{AA9FEEB5-4138-4F90-AF30-9176C8961969}.Release|Any CPU.ActiveCfg = Release|Any CPU
		{AA9FEEB5-4138-4F90-AF30-9176C8961969}.Release|Any CPU.Build.0 = Release|Any CPU
		{2785DC16-AF1F-487F-8199-B8DFD5DB64AA}.Debug|Any CPU.ActiveCfg = Debug|Any CPU
		{2785DC16-AF1F-487F-8199-B8DFD5DB64AA}.Debug|Any CPU.Build.0 = Debug|Any CPU
		{2785DC16-AF1F-487F-8199-B8DFD5DB64AA}.Release|Any CPU.ActiveCfg = Release|Any CPU
		{2785DC16-AF1F-487F-8199-B8DFD5DB64AA}.Release|Any CPU.Build.0 = Release|Any CPU
		{A240FEED-8EA1-4080-B9D8-B02E027FABC2}.Debug|Any CPU.ActiveCfg = Debug|Any CPU
		{A240FEED-8EA1-4080-B9D8-B02E027FABC2}.Debug|Any CPU.Build.0 = Debug|Any CPU
		{A240FEED-8EA1-4080-B9D8-B02E027FABC2}.Release|Any CPU.ActiveCfg = Release|Any CPU
		{A240FEED-8EA1-4080-B9D8-B02E027FABC2}.Release|Any CPU.Build.0 = Release|Any CPU
		{EDC750F0-BB40-45AE-B775-096E899A128C}.Debug|Any CPU.ActiveCfg = Debug|Any CPU
		{EDC750F0-BB40-45AE-B775-096E899A128C}.Debug|Any CPU.Build.0 = Debug|Any CPU
		{EDC750F0-BB40-45AE-B775-096E899A128C}.Release|Any CPU.ActiveCfg = Release|Any CPU
		{EDC750F0-BB40-45AE-B775-096E899A128C}.Release|Any CPU.Build.0 = Release|Any CPU
		{FD072564-7757-4EC9-A46F-2FBF4FF1ED9A}.Debug|Any CPU.ActiveCfg = Debug|Any CPU
		{FD072564-7757-4EC9-A46F-2FBF4FF1ED9A}.Debug|Any CPU.Build.0 = Debug|Any CPU
		{FD072564-7757-4EC9-A46F-2FBF4FF1ED9A}.Release|Any CPU.ActiveCfg = Release|Any CPU
		{FD072564-7757-4EC9-A46F-2FBF4FF1ED9A}.Release|Any CPU.Build.0 = Release|Any CPU
		{23157294-4092-43B6-A202-CC717E3DE9C5}.Debug|Any CPU.ActiveCfg = Debug|Any CPU
		{23157294-4092-43B6-A202-CC717E3DE9C5}.Debug|Any CPU.Build.0 = Debug|Any CPU
		{23157294-4092-43B6-A202-CC717E3DE9C5}.Release|Any CPU.ActiveCfg = Release|Any CPU
		{23157294-4092-43B6-A202-CC717E3DE9C5}.Release|Any CPU.Build.0 = Release|Any CPU
		{3E268A51-E32E-40E8-8515-44036025B4CC}.Debug|Any CPU.ActiveCfg = Debug|Any CPU
		{3E268A51-E32E-40E8-8515-44036025B4CC}.Debug|Any CPU.Build.0 = Debug|Any CPU
		{3E268A51-E32E-40E8-8515-44036025B4CC}.Release|Any CPU.ActiveCfg = Release|Any CPU
		{3E268A51-E32E-40E8-8515-44036025B4CC}.Release|Any CPU.Build.0 = Release|Any CPU
		{3AC0994A-55EA-4F65-831A-392AEA7A71B7}.Debug|Any CPU.ActiveCfg = Debug|Any CPU
		{3AC0994A-55EA-4F65-831A-392AEA7A71B7}.Debug|Any CPU.Build.0 = Debug|Any CPU
		{3AC0994A-55EA-4F65-831A-392AEA7A71B7}.Release|Any CPU.ActiveCfg = Release|Any CPU
		{3AC0994A-55EA-4F65-831A-392AEA7A71B7}.Release|Any CPU.Build.0 = Release|Any CPU
		{FE6B3354-221B-4A72-A9E0-4717F1D3C4B0}.Debug|Any CPU.ActiveCfg = Debug|Any CPU
		{FE6B3354-221B-4A72-A9E0-4717F1D3C4B0}.Debug|Any CPU.Build.0 = Debug|Any CPU
		{FE6B3354-221B-4A72-A9E0-4717F1D3C4B0}.Release|Any CPU.ActiveCfg = Release|Any CPU
		{FE6B3354-221B-4A72-A9E0-4717F1D3C4B0}.Release|Any CPU.Build.0 = Release|Any CPU
		{1247140B-A61A-48C6-8BE3-1A5404ACB649}.Debug|Any CPU.ActiveCfg = Debug|Any CPU
		{1247140B-A61A-48C6-8BE3-1A5404ACB649}.Debug|Any CPU.Build.0 = Debug|Any CPU
		{1247140B-A61A-48C6-8BE3-1A5404ACB649}.Release|Any CPU.ActiveCfg = Release|Any CPU
		{1247140B-A61A-48C6-8BE3-1A5404ACB649}.Release|Any CPU.Build.0 = Release|Any CPU
		{1C71C3E9-ADFF-4754-A166-A2C4D10BE985}.Debug|Any CPU.ActiveCfg = Debug|Any CPU
		{1C71C3E9-ADFF-4754-A166-A2C4D10BE985}.Debug|Any CPU.Build.0 = Debug|Any CPU
		{1C71C3E9-ADFF-4754-A166-A2C4D10BE985}.Release|Any CPU.ActiveCfg = Release|Any CPU
		{1C71C3E9-ADFF-4754-A166-A2C4D10BE985}.Release|Any CPU.Build.0 = Release|Any CPU
		{25A46E0B-31E5-4971-AF89-CE92652B7462}.Debug|Any CPU.ActiveCfg = Debug|Any CPU
		{25A46E0B-31E5-4971-AF89-CE92652B7462}.Debug|Any CPU.Build.0 = Debug|Any CPU
		{25A46E0B-31E5-4971-AF89-CE92652B7462}.Release|Any CPU.ActiveCfg = Release|Any CPU
		{25A46E0B-31E5-4971-AF89-CE92652B7462}.Release|Any CPU.Build.0 = Release|Any CPU
	EndGlobalSection
	GlobalSection(SolutionProperties) = preSolution
		HideSolutionNode = FALSE
	EndGlobalSection
	GlobalSection(NestedProjects) = preSolution
		{554AD327-6DBA-4F8F-96F8-81CE7A0C863F} = {9DDA2D6C-5470-4052-8CD1-C1D7506802B2}
		{C956DD76-69C8-4A9C-83EA-D17DF83340FD} = {F1F71914-23D8-45EA-B91D-0F15DCAFC635}
		{42F719ED-8413-4895-B5B4-5AB56079BC66} = {9DDA2D6C-5470-4052-8CD1-C1D7506802B2}
		{073C361E-B8F4-49F5-93CC-72A3FF49C026} = {043C107F-0750-47A7-B2E6-59C394AF5FE0}
		{1FE30EB9-74A9-47F5-A9F6-7B1FAB672D81} = {1779CBB8-A3FC-4357-9444-CBA031BC7D53}
		{91853F21-9CD9-4132-BC29-A7D5D84FFFE7} = {1779CBB8-A3FC-4357-9444-CBA031BC7D53}
		{AA94D832-1CCC-4715-95A9-A483F23A1A5D} = {F1F71914-23D8-45EA-B91D-0F15DCAFC635}
		{043C107F-0750-47A7-B2E6-59C394AF5FE0} = {CA9AC87F-097E-4F15-8393-4BC07735A5B0}
		{AA3D02BA-02FE-41C9-A9F6-95BBE7214F79} = {CA9AC87F-097E-4F15-8393-4BC07735A5B0}
		{9DDA2D6C-5470-4052-8CD1-C1D7506802B2} = {AA3D02BA-02FE-41C9-A9F6-95BBE7214F79}
		{F1F71914-23D8-45EA-B91D-0F15DCAFC635} = {AA3D02BA-02FE-41C9-A9F6-95BBE7214F79}
		{C6F54932-A14C-4F1E-A494-03F6AECE5113} = {CA9AC87F-097E-4F15-8393-4BC07735A5B0}
		{7D396418-9484-4373-B69F-6B999CE81206} = {CA9AC87F-097E-4F15-8393-4BC07735A5B0}
		{EA3F36FD-CA95-445A-BC79-4D3F0B81D4FE} = {7D396418-9484-4373-B69F-6B999CE81206}
		{A8C942BF-432E-48AC-809E-5D03FFB4038D} = {7D396418-9484-4373-B69F-6B999CE81206}
		{A24529CD-B28D-4322-8918-BB121451A4B6} = {7D396418-9484-4373-B69F-6B999CE81206}
		{AA9FEEB5-4138-4F90-AF30-9176C8961969} = {7D396418-9484-4373-B69F-6B999CE81206}
		{36C51E6C-A621-4AB8-8785-D132C56005F2} = {04DBDB01-70F4-4E06-B468-8F87850B22BE}
		{AB3E78BE-E318-40DC-9FF0-154B0D6C9B39} = {04DBDB01-70F4-4E06-B468-8F87850B22BE}
		{2785DC16-AF1F-487F-8199-B8DFD5DB64AA} = {AB3E78BE-E318-40DC-9FF0-154B0D6C9B39}
		{A240FEED-8EA1-4080-B9D8-B02E027FABC2} = {AB3E78BE-E318-40DC-9FF0-154B0D6C9B39}
		{1779CBB8-A3FC-4357-9444-CBA031BC7D53} = {04DBDB01-70F4-4E06-B468-8F87850B22BE}
		{EDC750F0-BB40-45AE-B775-096E899A128C} = {7D396418-9484-4373-B69F-6B999CE81206}
		{FD072564-7757-4EC9-A46F-2FBF4FF1ED9A} = {36C51E6C-A621-4AB8-8785-D132C56005F2}
		{23157294-4092-43B6-A202-CC717E3DE9C5} = {36C51E6C-A621-4AB8-8785-D132C56005F2}
		{3E268A51-E32E-40E8-8515-44036025B4CC} = {C6F54932-A14C-4F1E-A494-03F6AECE5113}
		{3AC0994A-55EA-4F65-831A-392AEA7A71B7} = {C6F54932-A14C-4F1E-A494-03F6AECE5113}
		{FE6B3354-221B-4A72-A9E0-4717F1D3C4B0} = {C6F54932-A14C-4F1E-A494-03F6AECE5113}
		{1247140B-A61A-48C6-8BE3-1A5404ACB649} = {C6F54932-A14C-4F1E-A494-03F6AECE5113}
		{1C71C3E9-ADFF-4754-A166-A2C4D10BE985} = {C6F54932-A14C-4F1E-A494-03F6AECE5113}
		{25A46E0B-31E5-4971-AF89-CE92652B7462} = {1779CBB8-A3FC-4357-9444-CBA031BC7D53}
	EndGlobalSection
	GlobalSection(ExtensibilityGlobals) = postSolution
		SolutionGuid = {28315BFD-90E7-4E14-A2EA-F3D23AF4126F}
	EndGlobalSection
EndGlobal
